
Microsoft Visual Studio Solution File, Format Version 12.00
# Visual Studio Version 16
VisualStudioVersion = 16.0.30503.244
MinimumVisualStudioVersion = 10.0.40219.1
Project("{9A19103F-16F7-4668-BE54-9A1E7A4F7556}") = "SharebaseSharp", "SharebaseSharp\SharebaseSharp.csproj", "{7396417A-14EB-4666-967E-DCE92D58C8F9}"
EndProject
Project("{9A19103F-16F7-4668-BE54-9A1E7A4F7556}") = "Sharebase.API", "Sharebase.API\Sharebase.API.csproj", "{DC18514E-ACA0-44DD-AE6C-1446F4F7BCB5}"
EndProject
Global
	GlobalSection(SolutionConfigurationPlatforms) = preSolution
		Debug|Any CPU = Debug|Any CPU
		Release|Any CPU = Release|Any CPU
	EndGlobalSection
	GlobalSection(ProjectConfigurationPlatforms) = postSolution
		{7396417A-14EB-4666-967E-DCE92D58C8F9}.Debug|Any CPU.ActiveCfg = Debug|Any CPU
		{7396417A-14EB-4666-967E-DCE92D58C8F9}.Debug|Any CPU.Build.0 = Debug|Any CPU
		{7396417A-14EB-4666-967E-DCE92D58C8F9}.Release|Any CPU.ActiveCfg = Release|Any CPU
		{7396417A-14EB-4666-967E-DCE92D58C8F9}.Release|Any CPU.Build.0 = Release|Any CPU
		{DC18514E-ACA0-44DD-AE6C-1446F4F7BCB5}.Debug|Any CPU.ActiveCfg = Debug|Any CPU
		{DC18514E-ACA0-44DD-AE6C-1446F4F7BCB5}.Debug|Any CPU.Build.0 = Debug|Any CPU
		{DC18514E-ACA0-44DD-AE6C-1446F4F7BCB5}.Release|Any CPU.ActiveCfg = Release|Any CPU
		{DC18514E-ACA0-44DD-AE6C-1446F4F7BCB5}.Release|Any CPU.Build.0 = Release|Any CPU
	EndGlobalSection
	GlobalSection(SolutionProperties) = preSolution
		HideSolutionNode = FALSE
	EndGlobalSection
	GlobalSection(ExtensibilityGlobals) = postSolution
		SolutionGuid = {00FFBBAD-DF8D-47DD-AEC6-9294179B5C3B}
	EndGlobalSection
EndGlobal
